<Solution>
  <Project Path="InviteClub.DynamicListBox.Client/InviteClub.DynamicListBox.Client.csproj" />
  <Project Path="InviteClub.DynamicListBox.Server/InviteClub.DynamicListBox.Server.csproj" />
  <Project Path="InviteClub.DynamicListBox.Shared/InviteClub.DynamicListBox.Shared.csproj" />
</Solution>
