<Solution>
  <Project Path="InvitedClub.DynamicListBox.Client/InvitedClub.DynamicListBox.Client.csproj" />
  <Project Path="InvitedClub.DynamicListBox.Server/InvitedClub.DynamicListBox.Server.csproj" />
  <Project Path="InvitedClub.DynamicListBox.Shared/InvitedClub.DynamicListBox.Shared.csproj" />
</Solution>
